
Microsoft Visual Studio Solution File, Format Version 12.00
# Visual Studio 14
VisualStudioVersion = 14.0.25420.1
MinimumVisualStudioVersion = 10.0.40219.1
Project("{FAE04EC0-301F-11D3-BF4B-00C04F79EFBC}") = "Integration-Excel2010", "Integration-Excel2010\Integration-Excel2010.csproj", "{B7465BE3-7898-487D-ADAC-9A7A4DB5AB91}"
EndProject
Project("{FAE04EC0-301F-11D3-BF4B-00C04F79EFBC}") = "Integration-Excel2013", "Integration-Excel2013\Integration-Excel2013.csproj", "{25481CEE-5114-4E90-9A58-057CA39B04B5}"
EndProject
Project("{FAE04EC0-301F-11D3-BF4B-00C04F79EFBC}") = "Integration-CoreExcelLib", "Integration-CoreExcelLib\Integration-CoreExcelLib.csproj", "{3FF8876C-EAC8-485D-82DA-7E9D331CB80A}"
EndProject
Project("{FAE04EC0-301F-11D3-BF4B-00C04F79EFBC}") = "Integration-Autocad", "Integration-Autocad\Integration-Autocad.csproj", "{E1D65548-8859-4582-81A4-BB5807909B58}"
EndProject
Project("{FAE04EC0-301F-11D3-BF4B-00C04F79EFBC}") = "Integration-CoreLib", "Integration-CoreLib\Integration-CoreLib.csproj", "{C7453667-5623-44C6-8353-C04EDFA1E244}"
EndProject
Global
	GlobalSection(SolutionConfigurationPlatforms) = preSolution
		Debug|Any CPU = Debug|Any CPU
		Release|Any CPU = Release|Any CPU
	EndGlobalSection
	GlobalSection(ProjectConfigurationPlatforms) = postSolution
		{B7465BE3-7898-487D-ADAC-9A7A4DB5AB91}.Debug|Any CPU.ActiveCfg = Debug|Any CPU
		{B7465BE3-7898-487D-ADAC-9A7A4DB5AB91}.Debug|Any CPU.Build.0 = Debug|Any CPU
		{B7465BE3-7898-487D-ADAC-9A7A4DB5AB91}.Release|Any CPU.ActiveCfg = Release|Any CPU
		{B7465BE3-7898-487D-ADAC-9A7A4DB5AB91}.Release|Any CPU.Build.0 = Release|Any CPU
		{25481CEE-5114-4E90-9A58-057CA39B04B5}.Debug|Any CPU.ActiveCfg = Debug|Any CPU
		{25481CEE-5114-4E90-9A58-057CA39B04B5}.Debug|Any CPU.Build.0 = Debug|Any CPU
		{25481CEE-5114-4E90-9A58-057CA39B04B5}.Release|Any CPU.ActiveCfg = Release|Any CPU
		{25481CEE-5114-4E90-9A58-057CA39B04B5}.Release|Any CPU.Build.0 = Release|Any CPU
		{3FF8876C-EAC8-485D-82DA-7E9D331CB80A}.Debug|Any CPU.ActiveCfg = Debug|Any CPU
		{3FF8876C-EAC8-485D-82DA-7E9D331CB80A}.Debug|Any CPU.Build.0 = Debug|Any CPU
		{3FF8876C-EAC8-485D-82DA-7E9D331CB80A}.Release|Any CPU.ActiveCfg = Release|Any CPU
		{3FF8876C-EAC8-485D-82DA-7E9D331CB80A}.Release|Any CPU.Build.0 = Release|Any CPU
		{E1D65548-8859-4582-81A4-BB5807909B58}.Debug|Any CPU.ActiveCfg = Debug|Any CPU
		{E1D65548-8859-4582-81A4-BB5807909B58}.Debug|Any CPU.Build.0 = Debug|Any CPU
		{E1D65548-8859-4582-81A4-BB5807909B58}.Release|Any CPU.ActiveCfg = Release|Any CPU
		{E1D65548-8859-4582-81A4-BB5807909B58}.Release|Any CPU.Build.0 = Release|Any CPU
		{C7453667-5623-44C6-8353-C04EDFA1E244}.Debug|Any CPU.ActiveCfg = Debug|Any CPU
		{C7453667-5623-44C6-8353-C04EDFA1E244}.Debug|Any CPU.Build.0 = Debug|Any CPU
		{C7453667-5623-44C6-8353-C04EDFA1E244}.Release|Any CPU.ActiveCfg = Release|Any CPU
		{C7453667-5623-44C6-8353-C04EDFA1E244}.Release|Any CPU.Build.0 = Release|Any CPU
	EndGlobalSection
	GlobalSection(SolutionProperties) = preSolution
		HideSolutionNode = FALSE
	EndGlobalSection
EndGlobal
